
Microsoft Visual Studio Solution File, Format Version 12.00
# Visual Studio Version 17
VisualStudioVersion = 17.11.35208.52
MinimumVisualStudioVersion = 10.0.40219.1
Project("{9A19103F-16F7-4668-BE54-9A1E7A4F7556}") = "VitalityProject", "VitalityProject\VitalityProject.csproj", "{CD50CA31-54C4-40C7-A950-66F9BF6E80C9}"
EndProject
Global
	GlobalSection(SolutionConfigurationPlatforms) = preSolution
		Debug|Any CPU = Debug|Any CPU
		Release|Any CPU = Release|Any CPU
	EndGlobalSection
	GlobalSection(ProjectConfigurationPlatforms) = postSolution
		{CD50CA31-54C4-40C7-A950-66F9BF6E80C9}.Debug|Any CPU.ActiveCfg = Debug|Any CPU
		{CD50CA31-54C4-40C7-A950-66F9BF6E80C9}.Debug|Any CPU.Build.0 = Debug|Any CPU
		{CD50CA31-54C4-40C7-A950-66F9BF6E80C9}.Release|Any CPU.ActiveCfg = Release|Any CPU
		{CD50CA31-54C4-40C7-A950-66F9BF6E80C9}.Release|Any CPU.Build.0 = Release|Any CPU
	EndGlobalSection
	GlobalSection(SolutionProperties) = preSolution
		HideSolutionNode = FALSE
	EndGlobalSection
	GlobalSection(ExtensibilityGlobals) = postSolution
		SolutionGuid = {0202B770-FC79-42F4-85C9-2505F0AC9053}
	EndGlobalSection
EndGlobal
